// !$*UTF8*$!
{
	archiveVersion = 1;
	classes = {
	};
	objectVersion = 50;
	objects = {

/* Begin PBXBuildFile section */
		535E7EA420FC547100A49000 /* AppDelegate.swift in Sources */ = {isa = PBXBuildFile; fileRef = 535E7EA320FC547100A49000 /* AppDelegate.swift */; };
		535E7EA620FC547100A49000 /* ViewController.swift in Sources */ = {isa = PBXBuildFile; fileRef = 535E7EA520FC547100A49000 /* ViewController.swift */; };
		535E7EA920FC547100A49000 /* Main.storyboard in Resources */ = {isa = PBXBuildFile; fileRef = 535E7EA720FC547100A49000 /* Main.storyboard */; };
		535E7EAB20FC547300A49000 /* Assets.xcassets in Resources */ = {isa = PBXBuildFile; fileRef = 535E7EAA20FC547300A49000 /* Assets.xcassets */; };
		535E7EAE20FC547300A49000 /* LaunchScreen.storyboard in Resources */ = {isa = PBXBuildFile; fileRef = 535E7EAC20FC547300A49000 /* LaunchScreen.storyboard */; };
		535E7EB920FC547300A49000 /* KickStarterSampleTests.swift in Sources */ = {isa = PBXBuildFile; fileRef = 535E7EB820FC547300A49000 /* KickStarterSampleTests.swift */; };
/* End PBXBuildFile section */

/* Begin PBXContainerItemProxy section */
		535E7EB520FC547300A49000 /* PBXContainerItemProxy */ = {
			isa = PBXContainerItemProxy;
			containerPortal = 535E7E9820FC547100A49000 /* Project object */;
			proxyType = 1;
			remoteGlobalIDString = 535E7E9F20FC547100A49000;
			remoteInfo = KickStarterSample;
		};
/* End PBXContainerItemProxy section */

/* Begin PBXFileReference section */
		535E7EA020FC547100A49000 /* KickStarterSample.app */ = {isa = PBXFileReference; explicitFileType = wrapper.application; includeInIndex = 0; path = KickStarterSample.app; sourceTree = BUILT_PRODUCTS_DIR; };
		535E7EA320FC547100A49000 /* AppDelegate.swift */ = {isa = PBXFileReference; lastKnownFileType = sourcecode.swift; path = AppDelegate.swift; sourceTree = "<group>"; };
		535E7EA520FC547100A49000 /* ViewController.swift */ = {isa = PBXFileReference; lastKnownFileType = sourcecode.swift; path = ViewController.swift; sourceTree = "<group>"; };
		535E7EA820FC547100A49000 /* Base */ = {isa = PBXFileReference; lastKnownFileType = file.storyboard; name = Base; path = Base.lproj/Main.storyboard; sourceTree = "<group>"; };
		535E7EAA20FC547300A49000 /* Assets.xcassets */ = {isa = PBXFileReference; lastKnownFileType = folder.assetcatalog; path = Assets.xcassets; sourceTree = "<group>"; };
		535E7EAD20FC547300A49000 /* Base */ = {isa = PBXFileReference; lastKnownFileType = file.storyboard; name = Base; path = Base.lproj/LaunchScreen.storyboard; sourceTree = "<group>"; };
		535E7EAF20FC547300A49000 /* Info.plist */ = {isa = PBXFileReference; lastKnownFileType = text.plist.xml; path = Info.plist; sourceTree = "<group>"; };
		535E7EB420FC547300A49000 /* KickStarterSampleTests.xctest */ = {isa = PBXFileReference; explicitFileType = wrapper.cfbundle; includeInIndex = 0; path = KickStarterSampleTests.xctest; sourceTree = BUILT_PRODUCTS_DIR; };
		535E7EB820FC547300A49000 /* KickStarterSampleTests.swift */ = {isa = PBXFileReference; lastKnownFileType = sourcecode.swift; path = KickStarterSampleTests.swift; sourceTree = "<group>"; };
		535E7EBA20FC547300A49000 /* Info.plist */ = {isa = PBXFileReference; lastKnownFileType = text.plist.xml; path = Info.plist; sourceTree = "<group>"; };
/* End PBXFileReference section */

/* Begin PBXFrameworksBuildPhase section */
		535E7E9D20FC547100A49000 /* Frameworks */ = {
			isa = PBXFrameworksBuildPhase;
			buildActionMask = 2147483647;
			files = (
			);
			runOnlyForDeploymentPostprocessing = 0;
		};
		535E7EB120FC547300A49000 /* Frameworks */ = {
			isa = PBXFrameworksBuildPhase;
			buildActionMask = 2147483647;
			files = (
			);
			runOnlyForDeploymentPostprocessing = 0;
		};
/* End PBXFrameworksBuildPhase section */

/* Begin PBXGroup section */
		535E7E9720FC547100A49000 = {
			isa = PBXGroup;
			children = (
				535E7EA220FC547100A49000 /* KickStarterSample */,
				535E7EB720FC547300A49000 /* KickStarterSampleTests */,
				535E7EA120FC547100A49000 /* Products */,
			);
			sourceTree = "<group>";
		};
		535E7EA120FC547100A49000 /* Products */ = {
			isa = PBXGroup;
			children = (
				535E7EA020FC547100A49000 /* KickStarterSample.app */,
				535E7EB420FC547300A49000 /* KickStarterSampleTests.xctest */,
			);
			name = Products;
			sourceTree = "<group>";
		};
		535E7EA220FC547100A49000 /* KickStarterSample */ = {
			isa = PBXGroup;
			children = (
				535E7EA320FC547100A49000 /* AppDelegate.swift */,
				535E7EA520FC547100A49000 /* ViewController.swift */,
				535E7EA720FC547100A49000 /* Main.storyboard */,
				535E7EAA20FC547300A49000 /* Assets.xcassets */,
				535E7EAC20FC547300A49000 /* LaunchScreen.storyboard */,
				535E7EAF20FC547300A49000 /* Info.plist */,
			);
			path = KickStarterSample;
			sourceTree = "<group>";
		};
		535E7EB720FC547300A49000 /* KickStarterSampleTests */ = {
			isa = PBXGroup;
			children = (
				535E7EB820FC547300A49000 /* KickStarterSampleTests.swift */,
				535E7EBA20FC547300A49000 /* Info.plist */,
			);
			path = KickStarterSampleTests;
			sourceTree = "<group>";
		};
/* End PBXGroup section */

/* Begin PBXNativeTarget section */
		535E7E9F20FC547100A49000 /* KickStarterSample */ = {
			isa = PBXNativeTarget;
			buildConfigurationList = 535E7EBD20FC547300A49000 /* Build configuration list for PBXNativeTarget "KickStarterSample" */;
			buildPhases = (
				535E7E9C20FC547100A49000 /* Sources */,
				535E7E9D20FC547100A49000 /* Frameworks */,
				535E7E9E20FC547100A49000 /* Resources */,
			);
			buildRules = (
			);
			dependencies = (
			);
			name = KickStarterSample;
			productName = KickStarterSample;
			productReference = 535E7EA020FC547100A49000 /* KickStarterSample.app */;
			productType = "com.apple.product-type.application";
		};
		535E7EB320FC547300A49000 /* KickStarterSampleTests */ = {
			isa = PBXNativeTarget;
			buildConfigurationList = 535E7EC020FC547300A49000 /* Build configuration list for PBXNativeTarget "KickStarterSampleTests" */;
			buildPhases = (
				535E7EB020FC547300A49000 /* Sources */,
				535E7EB120FC547300A49000 /* Frameworks */,
				535E7EB220FC547300A49000 /* Resources */,
			);
			buildRules = (
			);
			dependencies = (
				535E7EB620FC547300A49000 /* PBXTargetDependency */,
			);
			name = KickStarterSampleTests;
			productName = KickStarterSampleTests;
			productReference = 535E7EB420FC547300A49000 /* KickStarterSampleTests.xctest */;
			productType = "com.apple.product-type.bundle.unit-test";
		};
/* End PBXNativeTarget section */

/* Begin PBXProject section */
		535E7E9820FC547100A49000 /* Project object */ = {
			isa = PBXProject;
			attributes = {
				LastSwiftUpdateCheck = 0940;
				LastUpgradeCheck = 0940;
				ORGANIZATIONNAME = "Morita Jun";
				TargetAttributes = {
					535E7E9F20FC547100A49000 = {
						CreatedOnToolsVersion = 9.4.1;
					};
					535E7EB320FC547300A49000 = {
						CreatedOnToolsVersion = 9.4.1;
						TestTargetID = 535E7E9F20FC547100A49000;
					};
				};
			};
			buildConfigurationList = 535E7E9B20FC547100A49000 /* Build configuration list for PBXProject "KickStarterSample" */;
			compatibilityVersion = "Xcode 9.3";
			developmentRegion = en;
			hasScannedForEncodings = 0;
			knownRegions = (
				en,
				Base,
			);
			mainGroup = 535E7E9720FC547100A49000;
			productRefGroup = 535E7EA120FC547100A49000 /* Products */;
			projectDirPath = "";
			projectRoot = "";
			targets = (
				535E7E9F20FC547100A49000 /* KickStarterSample */,
				535E7EB320FC547300A49000 /* KickStarterSampleTests */,
			);
		};
/* End PBXProject section */

/* Begin PBXResourcesBuildPhase section */
		535E7E9E20FC547100A49000 /* Resources */ = {
			isa = PBXResourcesBuildPhase;
			buildActionMask = 2147483647;
			files = (
				535E7EAE20FC547300A49000 /* LaunchScreen.storyboard in Resources */,
				535E7EAB20FC547300A49000 /* Assets.xcassets in Resources */,
				535E7EA920FC547100A49000 /* Main.storyboard in Resources */,
			);
			runOnlyForDeploymentPostprocessing = 0;
		};
		535E7EB220FC547300A49000 /* Resources */ = {
			isa = PBXResourcesBuildPhase;
			buildActionMask = 2147483647;
			files = (
			);
			runOnlyForDeploymentPostprocessing = 0;
		};
/* End PBXResourcesBuildPhase section */

/* Begin PBXSourcesBuildPhase section */
		535E7E9C20FC547100A49000 /* Sources */ = {
			isa = PBXSourcesBuildPhase;
			buildActionMask = 2147483647;
			files = (
				535E7EA620FC547100A49000 /* ViewController.swift in Sources */,
				535E7EA420FC547100A49000 /* AppDelegate.swift in Sources */,
			);
			runOnlyForDeploymentPostprocessing = 0;
		};
		535E7EB020FC547300A49000 /* Sources */ = {
			isa = PBXSourcesBuildPhase;
			buildActionMask = 2147483647;
			files = (
				535E7EB920FC547300A49000 /* KickStarterSampleTests.swift in Sources */,
			);
			runOnlyForDeploymentPostprocessing = 0;
		};
/* End PBXSourcesBuildPhase section */

/* Begin PBXTargetDependency section */
		535E7EB620FC547300A49000 /* PBXTargetDependency */ = {
			isa = PBXTargetDependency;
			target = 535E7E9F20FC547100A49000 /* KickStarterSample */;
			targetProxy = 535E7EB520FC547300A49000 /* PBXContainerItemProxy */;
		};
/* End PBXTargetDependency section */

/* Begin PBXVariantGroup section */
		535E7EA720FC547100A49000 /* Main.storyboard */ = {
			isa = PBXVariantGroup;
			children = (
				535E7EA820FC547100A49000 /* Base */,
			);
			name = Main.storyboard;
			sourceTree = "<group>";
		};
		535E7EAC20FC547300A49000 /* LaunchScreen.storyboard */ = {
			isa = PBXVariantGroup;
			children = (
				535E7EAD20FC547300A49000 /* Base */,
			);
			name = LaunchScreen.storyboard;
			sourceTree = "<group>";
		};
/* End PBXVariantGroup section */

/* Begin XCBuildConfiguration section */
		535E7EBB20FC547300A49000 /* Debug */ = {
			isa = XCBuildConfiguration;
			buildSettings = {
				ALWAYS_SEARCH_USER_PATHS = NO;
				CLANG_ANALYZER_NONNULL = YES;
				CLANG_ANALYZER_NUMBER_OBJECT_CONVERSION = YES_AGGRESSIVE;
				CLANG_CXX_LANGUAGE_STANDARD = "gnu++14";
				CLANG_CXX_LIBRARY = "libc++";
				CLANG_ENABLE_MODULES = YES;
				CLANG_ENABLE_OBJC_ARC = YES;
				CLANG_ENABLE_OBJC_WEAK = YES;
				CLANG_WARN_BLOCK_CAPTURE_AUTORELEASING = YES;
				CLANG_WARN_BOOL_CONVERSION = YES;
				CLANG_WARN_COMMA = YES;
				CLANG_WARN_CONSTANT_CONVERSION = YES;
				CLANG_WARN_DEPRECATED_OBJC_IMPLEMENTATIONS = YES;
				CLANG_WARN_DIRECT_OBJC_ISA_USAGE = YES_ERROR;
				CLANG_WARN_DOCUMENTATION_COMMENTS = YES;
				CLANG_WARN_EMPTY_BODY = YES;
				CLANG_WARN_ENUM_CONVERSION = YES;
				CLANG_WARN_INFINITE_RECURSION = YES;
				CLANG_WARN_INT_CONVERSION = YES;
				CLANG_WARN_NON_LITERAL_NULL_CONVERSION = YES;
				CLANG_WARN_OBJC_IMPLICIT_RETAIN_SELF = YES;
				CLANG_WARN_OBJC_LITERAL_CONVERSION = YES;
				CLANG_WARN_OBJC_ROOT_CLASS = YES_ERROR;
				CLANG_WARN_RANGE_LOOP_ANALYSIS = YES;
				CLANG_WARN_STRICT_PROTOTYPES = YES;
				CLANG_WARN_SUSPICIOUS_MOVE = YES;
				CLANG_WARN_UNGUARDED_AVAILABILITY = YES_AGGRESSIVE;
				CLANG_WARN_UNREACHABLE_CODE = YES;
				CLANG_WARN__DUPLICATE_METHOD_MATCH = YES;
				CODE_SIGN_IDENTITY = "iPhone Developer";
				COPY_PHASE_STRIP = NO;
				DEBUG_INFORMATION_FORMAT = dwarf;
				ENABLE_STRICT_OBJC_MSGSEND = YES;
				ENABLE_TESTABILITY = YES;
				GCC_C_LANGUAGE_STANDARD = gnu11;
				GCC_DYNAMIC_NO_PIC = NO;
				GCC_NO_COMMON_BLOCKS = YES;
				GCC_OPTIMIZATION_LEVEL = 0;
				GCC_PREPROCESSOR_DEFINITIONS = (
					"DEBUG=1",
					"$(inherited)",
				);
				GCC_WARN_64_TO_32_BIT_CONVERSION = YES;
				GCC_WARN_ABOUT_RETURN_TYPE = YES_ERROR;
				GCC_WARN_UNDECLARED_SELECTOR = YES;
				GCC_WARN_UNINITIALIZED_AUTOS = YES_AGGRESSIVE;
				GCC_WARN_UNUSED_FUNCTION = YES;
				GCC_WARN_UNUSED_VARIABLE = YES;
				IPHONEOS_DEPLOYMENT_TARGET = 11.4;
				MTL_ENABLE_DEBUG_INFO = YES;
				ONLY_ACTIVE_ARCH = YES;
				SDKROOT = iphoneos;
				SWIFT_ACTIVE_COMPILATION_CONDITIONS = DEBUG;
				SWIFT_OPTIMIZATION_LEVEL = "-Onone";
			};
			name = Debug;
		};
		535E7EBC20FC547300A49000 /* Release */ = {
			isa = XCBuildConfiguration;
			buildSettings = {
				ALWAYS_SEARCH_USER_PATHS = NO;
				CLANG_ANALYZER_NONNULL = YES;
				CLANG_ANALYZER_NUMBER_OBJECT_CONVERSION = YES_AGGRESSIVE;
				CLANG_CXX_LANGUAGE_STANDARD = "gnu++14";
				CLANG_CXX_LIBRARY = "libc++";
				CLANG_ENABLE_MODULES = YES;
				CLANG_ENABLE_OBJC_ARC = YES;
				CLANG_ENABLE_OBJC_WEAK = YES;
				CLANG_WARN_BLOCK_CAPTURE_AUTORELEASING = YES;
				CLANG_WARN_BOOL_CONVERSION = YES;
				CLANG_WARN_COMMA = YES;
				CLANG_WARN_CONSTANT_CONVERSION = YES;
				CLANG_WARN_DEPRECATED_OBJC_IMPLEMENTATIONS = YES;
				CLANG_WARN_DIRECT_OBJC_ISA_USAGE = YES_ERROR;
				CLANG_WARN_DOCUMENTATION_COMMENTS = YES;
				CLANG_WARN_EMPTY_BODY = YES;
				CLANG_WARN_ENUM_CONVERSION = YES;
				CLANG_WARN_INFINITE_RECURSION = YES;
				CLANG_WARN_INT_CONVERSION = YES;
				CLANG_WARN_NON_LITERAL_NULL_CONVERSION = YES;
				CLANG_WARN_OBJC_IMPLICIT_RETAIN_SELF = YES;
				CLANG_WARN_OBJC_LITERAL_CONVERSION = YES;
				CLANG_WARN_OBJC_ROOT_CLASS = YES_ERROR;
				CLANG_WARN_RANGE_LOOP_ANALYSIS = YES;
				CLANG_WARN_STRICT_PROTOTYPES = YES;
				CLANG_WARN_SUSPICIOUS_MOVE = YES;
				CLANG_WARN_UNGUARDED_AVAILABILITY = YES_AGGRESSIVE;
				CLANG_WARN_UNREACHABLE_CODE = YES;
				CLANG_WARN__DUPLICATE_METHOD_MATCH = YES;
				CODE_SIGN_IDENTITY = "iPhone Developer";
				COPY_PHASE_STRIP = NO;
				DEBUG_INFORMATION_FORMAT = "dwarf-with-dsym";
				ENABLE_NS_ASSERTIONS = NO;
				ENABLE_STRICT_OBJC_MSGSEND = YES;
				GCC_C_LANGUAGE_STANDARD = gnu11;
				GCC_NO_COMMON_BLOCKS = YES;
				GCC_WARN_64_TO_32_BIT_CONVERSION = YES;
				GCC_WARN_ABOUT_RETURN_TYPE = YES_ERROR;
				GCC_WARN_UNDECLARED_SELECTOR = YES;
				GCC_WARN_UNINITIALIZED_AUTOS = YES_AGGRESSIVE;
				GCC_WARN_UNUSED_FUNCTION = YES;
				GCC_WARN_UNUSED_VARIABLE = YES;
				IPHONEOS_DEPLOYMENT_TARGET = 11.4;
				MTL_ENABLE_DEBUG_INFO = NO;
				SDKROOT = iphoneos;
				SWIFT_COMPILATION_MODE = wholemodule;
				SWIFT_OPTIMIZATION_LEVEL = "-O";
				VALIDATE_PRODUCT = YES;
			};
			name = Release;
		};
		535E7EBE20FC547300A49000 /* Debug */ = {
			isa = XCBuildConfiguration;
			buildSettings = {
				ASSETCATALOG_COMPILER_APPICON_NAME = AppIcon;
				CODE_SIGN_IDENTITY = "iPhone Developer";
				CODE_SIGN_STYLE = Automatic;
				DEVELOPMENT_TEAM = DNFCB4KFUA;
				INFOPLIST_FILE = KickStarterSample/Info.plist;
				LD_RUNPATH_SEARCH_PATHS = (
					"$(inherited)",
					"@executable_path/Frameworks",
				);
				PRODUCT_BUNDLE_IDENTIFIER = kamui.KickstarterSample;
				PRODUCT_NAME = "$(TARGET_NAME)";
				PROVISIONING_PROFILE_SPECIFIER = "";
				SWIFT_VERSION = 4.0;
				TARGETED_DEVICE_FAMILY = 1;
			};
			name = Debug;
		};
		535E7EBF20FC547300A49000 /* Release */ = {
			isa = XCBuildConfiguration;
			buildSettings = {
				ASSETCATALOG_COMPILER_APPICON_NAME = AppIcon;
				CODE_SIGN_IDENTITY = "iPhone Developer";
				CODE_SIGN_STYLE = Automatic;
				DEVELOPMENT_TEAM = DNFCB4KFUA;
				INFOPLIST_FILE = KickStarterSample/Info.plist;
				LD_RUNPATH_SEARCH_PATHS = (
					"$(inherited)",
					"@executable_path/Frameworks",
				);
				PRODUCT_BUNDLE_IDENTIFIER = kamui.KickstarterSample;
				PRODUCT_NAME = "$(TARGET_NAME)";
				PROVISIONING_PROFILE_SPECIFIER = "";
				SWIFT_VERSION = 4.0;
				TARGETED_DEVICE_FAMILY = 1;
			};
			name = Release;
		};
		535E7EC120FC547300A49000 /* Debug */ = {
			isa = XCBuildConfiguration;
			buildSettings = {
				ALWAYS_EMBED_SWIFT_STANDARD_LIBRARIES = YES;
				BUNDLE_LOADER = "$(TEST_HOST)";
				CODE_SIGN_STYLE = Automatic;
				INFOPLIST_FILE = KickStarterSampleTests/Info.plist;
				LD_RUNPATH_SEARCH_PATHS = (
					"$(inherited)",
					"@executable_path/Frameworks",
					"@loader_path/Frameworks",
				);
				PRODUCT_BUNDLE_IDENTIFIER = "com.kamui-project.KickStarterSampleTests";
				PRODUCT_NAME = "$(TARGET_NAME)";
				SWIFT_VERSION = 4.0;
				TARGETED_DEVICE_FAMILY = "1,2";
				TEST_HOST = "$(BUILT_PRODUCTS_DIR)/KickStarterSample.app/KickStarterSample";
			};
			name = Debug;
		};
		535E7EC220FC547300A49000 /* Release */ = {
			isa = XCBuildConfiguration;
			buildSettings = {
				ALWAYS_EMBED_SWIFT_STANDARD_LIBRARIES = YES;
				BUNDLE_LOADER = "$(TEST_HOST)";
				CODE_SIGN_STYLE = Automatic;
				INFOPLIST_FILE = KickStarterSampleTests/Info.plist;
				LD_RUNPATH_SEARCH_PATHS = (
					"$(inherited)",
					"@executable_path/Frameworks",
					"@loader_path/Frameworks",
				);
				PRODUCT_BUNDLE_IDENTIFIER = "com.kamui-project.KickStarterSampleTests";
				PRODUCT_NAME = "$(TARGET_NAME)";
				SWIFT_VERSION = 4.0;
				TARGETED_DEVICE_FAMILY = "1,2";
				TEST_HOST = "$(BUILT_PRODUCTS_DIR)/KickStarterSample.app/KickStarterSample";
			};
			name = Release;
		};
/* End XCBuildConfiguration section */

/* Begin XCConfigurationList section */
		535E7E9B20FC547100A49000 /* Build configuration list for PBXProject "KickStarterSample" */ = {
			isa = XCConfigurationList;
			buildConfigurations = (
				535E7EBB20FC547300A49000 /* Debug */,
				535E7EBC20FC547300A49000 /* Release */,
			);
			defaultConfigurationIsVisible = 0;
			defaultConfigurationName = Release;
		};
		535E7EBD20FC547300A49000 /* Build configuration list for PBXNativeTarget "KickStarterSample" */ = {
			isa = XCConfigurationList;
			buildConfigurations = (
				535E7EBE20FC547300A49000 /* Debug */,
				535E7EBF20FC547300A49000 /* Release */,
			);
			defaultConfigurationIsVisible = 0;
			defaultConfigurationName = Release;
		};
		535E7EC020FC547300A49000 /* Build configuration list for PBXNativeTarget "KickStarterSampleTests" */ = {
			isa = XCConfigurationList;
			buildConfigurations = (
				535E7EC120FC547300A49000 /* Debug */,
				535E7EC220FC547300A49000 /* Release */,
			);
			defaultConfigurationIsVisible = 0;
			defaultConfigurationName = Release;
		};
/* End XCConfigurationList section */
	};
	rootObject = 535E7E9820FC547100A49000 /* Project object */;
}
